
Microsoft Visual Studio Solution File, Format Version 12.00
# Visual Studio Version 16
VisualStudioVersion = 16.0.32106.194
MinimumVisualStudioVersion = 10.0.40219.1
Project("{FAE04EC0-301F-11D3-BF4B-00C04F79EFBC}") = "DeepInventoryManagmentAPICoreRepoPattern", "DeepInventoryManagmentAPICoreRepoPattern.csproj", "{26A0A680-A402-4F1E-AE0E-FC3B66F6DAEB}"
EndProject
Global
	GlobalSection(SolutionConfigurationPlatforms) = preSolution
		Debug|Any CPU = Debug|Any CPU
		Release|Any CPU = Release|Any CPU
	EndGlobalSection
	GlobalSection(ProjectConfigurationPlatforms) = postSolution
		{26A0A680-A402-4F1E-AE0E-FC3B66F6DAEB}.Debug|Any CPU.ActiveCfg = Debug|Any CPU
		{26A0A680-A402-4F1E-AE0E-FC3B66F6DAEB}.Debug|Any CPU.Build.0 = Debug|Any CPU
		{26A0A680-A402-4F1E-AE0E-FC3B66F6DAEB}.Release|Any CPU.ActiveCfg = Release|Any CPU
		{26A0A680-A402-4F1E-AE0E-FC3B66F6DAEB}.Release|Any CPU.Build.0 = Release|Any CPU
	EndGlobalSection
	GlobalSection(SolutionProperties) = preSolution
		HideSolutionNode = FALSE
	EndGlobalSection
	GlobalSection(ExtensibilityGlobals) = postSolution
		SolutionGuid = {1FE7428E-BF1C-4B68-9B7B-CF396FE07DE1}
	EndGlobalSection
EndGlobal
